
Microsoft Visual Studio Solution File, Format Version 12.00
# Visual Studio Version 17
VisualStudioVersion = 17.1.32228.430
MinimumVisualStudioVersion = 10.0.40219.1
Project("{FAE04EC0-301F-11D3-BF4B-00C04F79EFBC}") = "movieApp.Android", "movieApp.Android\movieApp.Android.csproj", "{493FF4C1-7A65-49AC-90D8-151056E7B5B6}"
EndProject
Project("{FAE04EC0-301F-11D3-BF4B-00C04F79EFBC}") = "movieApp.iOS", "movieApp.iOS\movieApp.iOS.csproj", "{C4872D72-18A3-45E6-BC20-E1528DDA3A37}"
EndProject
Project("{FAE04EC0-301F-11D3-BF4B-00C04F79EFBC}") = "movieApp", "movieApp\movieApp.csproj", "{A7B0BC80-39A4-4160-98FE-DFF869EC9A0D}"
EndProject
Global
	GlobalSection(SolutionConfigurationPlatforms) = preSolution
		Debug|Any CPU = Debug|Any CPU
		Debug|iPhone = Debug|iPhone
		Debug|iPhoneSimulator = Debug|iPhoneSimulator
		Release|Any CPU = Release|Any CPU
		Release|iPhone = Release|iPhone
		Release|iPhoneSimulator = Release|iPhoneSimulator
	EndGlobalSection
	GlobalSection(ProjectConfigurationPlatforms) = postSolution
		{493FF4C1-7A65-49AC-90D8-151056E7B5B6}.Debug|Any CPU.ActiveCfg = Debug|Any CPU
		{493FF4C1-7A65-49AC-90D8-151056E7B5B6}.Debug|Any CPU.Build.0 = Debug|Any CPU
		{493FF4C1-7A65-49AC-90D8-151056E7B5B6}.Debug|Any CPU.Deploy.0 = Debug|Any CPU
		{493FF4C1-7A65-49AC-90D8-151056E7B5B6}.Debug|iPhone.ActiveCfg = Debug|Any CPU
		{493FF4C1-7A65-49AC-90D8-151056E7B5B6}.Debug|iPhone.Build.0 = Debug|Any CPU
		{493FF4C1-7A65-49AC-90D8-151056E7B5B6}.Debug|iPhone.Deploy.0 = Debug|Any CPU
		{493FF4C1-7A65-49AC-90D8-151056E7B5B6}.Debug|iPhoneSimulator.ActiveCfg = Debug|Any CPU
		{493FF4C1-7A65-49AC-90D8-151056E7B5B6}.Debug|iPhoneSimulator.Build.0 = Debug|Any CPU
		{493FF4C1-7A65-49AC-90D8-151056E7B5B6}.Debug|iPhoneSimulator.Deploy.0 = Debug|Any CPU
		{493FF4C1-7A65-49AC-90D8-151056E7B5B6}.Release|Any CPU.ActiveCfg = Release|Any CPU
		{493FF4C1-7A65-49AC-90D8-151056E7B5B6}.Release|Any CPU.Build.0 = Release|Any CPU
		{493FF4C1-7A65-49AC-90D8-151056E7B5B6}.Release|Any CPU.Deploy.0 = Release|Any CPU
		{493FF4C1-7A65-49AC-90D8-151056E7B5B6}.Release|iPhone.ActiveCfg = Release|Any CPU
		{493FF4C1-7A65-49AC-90D8-151056E7B5B6}.Release|iPhone.Build.0 = Release|Any CPU
		{493FF4C1-7A65-49AC-90D8-151056E7B5B6}.Release|iPhone.Deploy.0 = Release|Any CPU
		{493FF4C1-7A65-49AC-90D8-151056E7B5B6}.Release|iPhoneSimulator.ActiveCfg = Release|Any CPU
		{493FF4C1-7A65-49AC-90D8-151056E7B5B6}.Release|iPhoneSimulator.Build.0 = Release|Any CPU
		{493FF4C1-7A65-49AC-90D8-151056E7B5B6}.Release|iPhoneSimulator.Deploy.0 = Release|Any CPU
		{C4872D72-18A3-45E6-BC20-E1528DDA3A37}.Debug|Any CPU.ActiveCfg = Debug|iPhone
		{C4872D72-18A3-45E6-BC20-E1528DDA3A37}.Debug|Any CPU.Build.0 = Debug|iPhone
		{C4872D72-18A3-45E6-BC20-E1528DDA3A37}.Debug|Any CPU.Deploy.0 = Debug|iPhone
		{C4872D72-18A3-45E6-BC20-E1528DDA3A37}.Debug|iPhone.ActiveCfg = Debug|iPhone
		{C4872D72-18A3-45E6-BC20-E1528DDA3A37}.Debug|iPhone.Build.0 = Debug|iPhone
		{C4872D72-18A3-45E6-BC20-E1528DDA3A37}.Debug|iPhone.Deploy.0 = Debug|iPhone
		{C4872D72-18A3-45E6-BC20-E1528DDA3A37}.Debug|iPhoneSimulator.ActiveCfg = Debug|iPhoneSimulator
		{C4872D72-18A3-45E6-BC20-E1528DDA3A37}.Debug|iPhoneSimulator.Build.0 = Debug|iPhoneSimulator
		{C4872D72-18A3-45E6-BC20-E1528DDA3A37}.Debug|iPhoneSimulator.Deploy.0 = Debug|iPhoneSimulator
		{C4872D72-18A3-45E6-BC20-E1528DDA3A37}.Release|Any CPU.ActiveCfg = Release|iPhoneSimulator
		{C4872D72-18A3-45E6-BC20-E1528DDA3A37}.Release|Any CPU.Build.0 = Release|iPhoneSimulator
		{C4872D72-18A3-45E6-BC20-E1528DDA3A37}.Release|Any CPU.Deploy.0 = Release|iPhoneSimulator
		{C4872D72-18A3-45E6-BC20-E1528DDA3A37}.Release|iPhone.ActiveCfg = Release|iPhone
		{C4872D72-18A3-45E6-BC20-E1528DDA3A37}.Release|iPhone.Build.0 = Release|iPhone
		{C4872D72-18A3-45E6-BC20-E1528DDA3A37}.Release|iPhone.Deploy.0 = Release|iPhone
		{C4872D72-18A3-45E6-BC20-E1528DDA3A37}.Release|iPhoneSimulator.ActiveCfg = Release|iPhoneSimulator
		{C4872D72-18A3-45E6-BC20-E1528DDA3A37}.Release|iPhoneSimulator.Build.0 = Release|iPhoneSimulator
		{C4872D72-18A3-45E6-BC20-E1528DDA3A37}.Release|iPhoneSimulator.Deploy.0 = Release|iPhoneSimulator
		{A7B0BC80-39A4-4160-98FE-DFF869EC9A0D}.Debug|Any CPU.ActiveCfg = Debug|Any CPU
		{A7B0BC80-39A4-4160-98FE-DFF869EC9A0D}.Debug|Any CPU.Build.0 = Debug|Any CPU
		{A7B0BC80-39A4-4160-98FE-DFF869EC9A0D}.Debug|Any CPU.Deploy.0 = Debug|Any CPU
		{A7B0BC80-39A4-4160-98FE-DFF869EC9A0D}.Debug|iPhone.ActiveCfg = Debug|Any CPU
		{A7B0BC80-39A4-4160-98FE-DFF869EC9A0D}.Debug|iPhone.Build.0 = Debug|Any CPU
		{A7B0BC80-39A4-4160-98FE-DFF869EC9A0D}.Debug|iPhone.Deploy.0 = Debug|Any CPU
		{A7B0BC80-39A4-4160-98FE-DFF869EC9A0D}.Debug|iPhoneSimulator.ActiveCfg = Debug|Any CPU
		{A7B0BC80-39A4-4160-98FE-DFF869EC9A0D}.Debug|iPhoneSimulator.Build.0 = Debug|Any CPU
		{A7B0BC80-39A4-4160-98FE-DFF869EC9A0D}.Debug|iPhoneSimulator.Deploy.0 = Debug|Any CPU
		{A7B0BC80-39A4-4160-98FE-DFF869EC9A0D}.Release|Any CPU.ActiveCfg = Release|Any CPU
		{A7B0BC80-39A4-4160-98FE-DFF869EC9A0D}.Release|Any CPU.Build.0 = Release|Any CPU
		{A7B0BC80-39A4-4160-98FE-DFF869EC9A0D}.Release|Any CPU.Deploy.0 = Release|Any CPU
		{A7B0BC80-39A4-4160-98FE-DFF869EC9A0D}.Release|iPhone.ActiveCfg = Release|Any CPU
		{A7B0BC80-39A4-4160-98FE-DFF869EC9A0D}.Release|iPhone.Build.0 = Release|Any CPU
		{A7B0BC80-39A4-4160-98FE-DFF869EC9A0D}.Release|iPhone.Deploy.0 = Release|Any CPU
		{A7B0BC80-39A4-4160-98FE-DFF869EC9A0D}.Release|iPhoneSimulator.ActiveCfg = Release|Any CPU
		{A7B0BC80-39A4-4160-98FE-DFF869EC9A0D}.Release|iPhoneSimulator.Build.0 = Release|Any CPU
		{A7B0BC80-39A4-4160-98FE-DFF869EC9A0D}.Release|iPhoneSimulator.Deploy.0 = Release|Any CPU
	EndGlobalSection
	GlobalSection(SolutionProperties) = preSolution
		HideSolutionNode = FALSE
	EndGlobalSection
	GlobalSection(ExtensibilityGlobals) = postSolution
		SolutionGuid = {6346244E-55BE-4A5F-B958-E8C7E799157E}
	EndGlobalSection
EndGlobal
